// !$*UTF8*$!
{
	archiveVersion = 1;
	classes = {
	};
	objectVersion = 77;
	objects = {

/* Begin PBXBuildFile section */
		950F3A482CB48E4C003CB79E /* USBDeviceSwift in Frameworks */ = {isa = PBXBuildFile; productRef = 950F3A472CB48E4C003CB79E /* USBDeviceSwift */; settings = {ATTRIBUTES = (Required, ); }; };
		950F3A4B2CB49361003CB79E /* libuvclib.dylib in CopyFiles */ = {isa = PBXBuildFile; fileRef = 957D1DEF2CB474F300395276 /* libuvclib.dylib */; settings = {ATTRIBUTES = (CodeSignOnCopy, ); }; };
		957D1E042CB4754100395276 /* libuvclib.dylib in Frameworks */ = {isa = PBXBuildFile; fileRef = 957D1DEF2CB474F300395276 /* libuvclib.dylib */; };
/* End PBXBuildFile section */

/* Begin PBXContainerItemProxy section */
		957D1E052CB480BA00395276 /* PBXContainerItemProxy */ = {
			isa = PBXContainerItemProxy;
			containerPortal = 957D1DB42CB466DD00395276 /* Project object */;
			proxyType = 1;
			remoteGlobalIDString = 957D1DEE2CB474F300395276;
			remoteInfo = uvclib;
		};
/* End PBXContainerItemProxy section */

/* Begin PBXCopyFilesBuildPhase section */
		950F3A4A2CB49339003CB79E /* CopyFiles */ = {
			isa = PBXCopyFilesBuildPhase;
			buildActionMask = 2147483647;
			dstPath = "";
			dstSubfolderSpec = 10;
			files = (
				950F3A4B2CB49361003CB79E /* libuvclib.dylib in CopyFiles */,
			);
			runOnlyForDeploymentPostprocessing = 0;
		};
/* End PBXCopyFilesBuildPhase section */

/* Begin PBXFileReference section */
		957D1DBC2CB466DD00395276 /* DelanCamUtil.app */ = {isa = PBXFileReference; explicitFileType = wrapper.application; includeInIndex = 0; path = DelanCamUtil.app; sourceTree = BUILT_PRODUCTS_DIR; };
		957D1DCC2CB46AC800395276 /* DelanCamUtil-Bridging-Header.h */ = {isa = PBXFileReference; lastKnownFileType = sourcecode.c.h; path = "DelanCamUtil-Bridging-Header.h"; sourceTree = "<group>"; };
		957D1DEF2CB474F300395276 /* libuvclib.dylib */ = {isa = PBXFileReference; explicitFileType = "compiled.mach-o.dylib"; includeInIndex = 0; path = libuvclib.dylib; sourceTree = BUILT_PRODUCTS_DIR; };
/* End PBXFileReference section */

/* Begin PBXFileSystemSynchronizedRootGroup section */
		957D1DBE2CB466DD00395276 /* DelanCamUtil */ = {
			isa = PBXFileSystemSynchronizedRootGroup;
			path = DelanCamUtil;
			sourceTree = "<group>";
		};
		957D1DF02CB474F300395276 /* uvclib */ = {
			isa = PBXFileSystemSynchronizedRootGroup;
			path = uvclib;
			sourceTree = "<group>";
		};
/* End PBXFileSystemSynchronizedRootGroup section */

/* Begin PBXFrameworksBuildPhase section */
		957D1DB92CB466DD00395276 /* Frameworks */ = {
			isa = PBXFrameworksBuildPhase;
			buildActionMask = 2147483647;
			files = (
				957D1E042CB4754100395276 /* libuvclib.dylib in Frameworks */,
				950F3A482CB48E4C003CB79E /* USBDeviceSwift in Frameworks */,
			);
			runOnlyForDeploymentPostprocessing = 0;
		};
		957D1DED2CB474F300395276 /* Frameworks */ = {
			isa = PBXFrameworksBuildPhase;
			buildActionMask = 2147483647;
			files = (
			);
			runOnlyForDeploymentPostprocessing = 0;
		};
/* End PBXFrameworksBuildPhase section */

/* Begin PBXGroup section */
		957D1DB32CB466DD00395276 = {
			isa = PBXGroup;
			children = (
				957D1DBE2CB466DD00395276 /* DelanCamUtil */,
				957D1DBD2CB466DD00395276 /* Products */,
				957D1DCC2CB46AC800395276 /* DelanCamUtil-Bridging-Header.h */,
				957D1DE72CB4739100395276 /* Frameworks */,
			);
			sourceTree = "<group>";
		};
		957D1DBD2CB466DD00395276 /* Products */ = {
			isa = PBXGroup;
			children = (
				957D1DBC2CB466DD00395276 /* DelanCamUtil.app */,
				957D1DEF2CB474F300395276 /* libuvclib.dylib */,
			);
			name = Products;
			sourceTree = "<group>";
		};
		957D1DE72CB4739100395276 /* Frameworks */ = {
			isa = PBXGroup;
			children = (
				957D1DF02CB474F300395276 /* uvclib */,
			);
			name = Frameworks;
			sourceTree = "<group>";
		};
/* End PBXGroup section */

/* Begin PBXHeadersBuildPhase section */
		957D1DEB2CB474F300395276 /* Headers */ = {
			isa = PBXHeadersBuildPhase;
			buildActionMask = 2147483647;
			files = (
			);
			runOnlyForDeploymentPostprocessing = 0;
		};
/* End PBXHeadersBuildPhase section */

/* Begin PBXNativeTarget section */
		957D1DBB2CB466DD00395276 /* DelanCamUtil */ = {
			isa = PBXNativeTarget;
			buildConfigurationList = 957D1DC92CB466DE00395276 /* Build configuration list for PBXNativeTarget "DelanCamUtil" */;
			buildPhases = (
				957D1DB82CB466DD00395276 /* Sources */,
				957D1DB92CB466DD00395276 /* Frameworks */,
				957D1DBA2CB466DD00395276 /* Resources */,
				950F3A4A2CB49339003CB79E /* CopyFiles */,
			);
			buildRules = (
			);
			dependencies = (
				957D1E062CB480BA00395276 /* PBXTargetDependency */,
			);
			fileSystemSynchronizedGroups = (
				957D1DBE2CB466DD00395276 /* DelanCamUtil */,
			);
			name = DelanCamUtil;
			packageProductDependencies = (
				950F3A472CB48E4C003CB79E /* USBDeviceSwift */,
			);
			productName = DelanCamUtil;
			productReference = 957D1DBC2CB466DD00395276 /* DelanCamUtil.app */;
			productType = "com.apple.product-type.application";
		};
		957D1DEE2CB474F300395276 /* uvclib */ = {
			isa = PBXNativeTarget;
			buildConfigurationList = 957D1DF52CB474F300395276 /* Build configuration list for PBXNativeTarget "uvclib" */;
			buildPhases = (
				957D1DEB2CB474F300395276 /* Headers */,
				957D1DEC2CB474F300395276 /* Sources */,
				957D1DED2CB474F300395276 /* Frameworks */,
			);
			buildRules = (
			);
			dependencies = (
			);
			fileSystemSynchronizedGroups = (
				957D1DF02CB474F300395276 /* uvclib */,
			);
			name = uvclib;
			packageProductDependencies = (
			);
			productName = uvclib;
			productReference = 957D1DEF2CB474F300395276 /* libuvclib.dylib */;
			productType = "com.apple.product-type.library.dynamic";
		};
/* End PBXNativeTarget section */

/* Begin PBXProject section */
		957D1DB42CB466DD00395276 /* Project object */ = {
			isa = PBXProject;
			attributes = {
				BuildIndependentTargetsInParallel = 1;
				LastSwiftUpdateCheck = 1600;
				LastUpgradeCheck = 1600;
				TargetAttributes = {
					957D1DBB2CB466DD00395276 = {
						CreatedOnToolsVersion = 16.0;
						LastSwiftMigration = 1600;
					};
					957D1DEE2CB474F300395276 = {
						CreatedOnToolsVersion = 16.0;
					};
				};
			};
			buildConfigurationList = 957D1DB72CB466DD00395276 /* Build configuration list for PBXProject "DelanCamUtil" */;
			developmentRegion = en;
			hasScannedForEncodings = 0;
			knownRegions = (
				en,
				Base,
			);
			mainGroup = 957D1DB32CB466DD00395276;
			minimizedProjectReferenceProxies = 1;
			packageReferences = (
				950F3A462CB48E4C003CB79E /* XCRemoteSwiftPackageReference "USBDeviceSwift" */,
			);
			preferredProjectObjectVersion = 77;
			productRefGroup = 957D1DBD2CB466DD00395276 /* Products */;
			projectDirPath = "";
			projectRoot = "";
			targets = (
				957D1DBB2CB466DD00395276 /* DelanCamUtil */,
				957D1DEE2CB474F300395276 /* uvclib */,
			);
		};
/* End PBXProject section */

/* Begin PBXResourcesBuildPhase section */
		957D1DBA2CB466DD00395276 /* Resources */ = {
			isa = PBXResourcesBuildPhase;
			buildActionMask = 2147483647;
			files = (
			);
			runOnlyForDeploymentPostprocessing = 0;
		};
/* End PBXResourcesBuildPhase section */

/* Begin PBXSourcesBuildPhase section */
		957D1DB82CB466DD00395276 /* Sources */ = {
			isa = PBXSourcesBuildPhase;
			buildActionMask = 2147483647;
			files = (
			);
			runOnlyForDeploymentPostprocessing = 0;
		};
		957D1DEC2CB474F300395276 /* Sources */ = {
			isa = PBXSourcesBuildPhase;
			buildActionMask = 2147483647;
			files = (
			);
			runOnlyForDeploymentPostprocessing = 0;
		};
/* End PBXSourcesBuildPhase section */

/* Begin PBXTargetDependency section */
		957D1E062CB480BA00395276 /* PBXTargetDependency */ = {
			isa = PBXTargetDependency;
			target = 957D1DEE2CB474F300395276 /* uvclib */;
			targetProxy = 957D1E052CB480BA00395276 /* PBXContainerItemProxy */;
		};
/* End PBXTargetDependency section */

/* Begin XCBuildConfiguration section */
		957D1DC72CB466DE00395276 /* Debug */ = {
			isa = XCBuildConfiguration;
			buildSettings = {
				ALWAYS_SEARCH_USER_PATHS = NO;
				ARCHS = arm64;
				ASSETCATALOG_COMPILER_GENERATE_SWIFT_ASSET_SYMBOL_EXTENSIONS = YES;
				CLANG_ANALYZER_NONNULL = YES;
				CLANG_ANALYZER_NUMBER_OBJECT_CONVERSION = YES_AGGRESSIVE;
				CLANG_CXX_LANGUAGE_STANDARD = "gnu++20";
				CLANG_ENABLE_MODULES = YES;
				CLANG_ENABLE_OBJC_ARC = YES;
				CLANG_ENABLE_OBJC_WEAK = YES;
				CLANG_WARN_BLOCK_CAPTURE_AUTORELEASING = YES;
				CLANG_WARN_BOOL_CONVERSION = YES;
				CLANG_WARN_COMMA = YES;
				CLANG_WARN_CONSTANT_CONVERSION = YES;
				CLANG_WARN_DEPRECATED_OBJC_IMPLEMENTATIONS = YES;
				CLANG_WARN_DIRECT_OBJC_ISA_USAGE = YES_ERROR;
				CLANG_WARN_DOCUMENTATION_COMMENTS = YES;
				CLANG_WARN_EMPTY_BODY = YES;
				CLANG_WARN_ENUM_CONVERSION = YES;
				CLANG_WARN_INFINITE_RECURSION = YES;
				CLANG_WARN_INT_CONVERSION = YES;
				CLANG_WARN_NON_LITERAL_NULL_CONVERSION = YES;
				CLANG_WARN_OBJC_IMPLICIT_RETAIN_SELF = YES;
				CLANG_WARN_OBJC_LITERAL_CONVERSION = YES;
				CLANG_WARN_OBJC_ROOT_CLASS = YES_ERROR;
				CLANG_WARN_QUOTED_INCLUDE_IN_FRAMEWORK_HEADER = YES;
				CLANG_WARN_RANGE_LOOP_ANALYSIS = YES;
				CLANG_WARN_STRICT_PROTOTYPES = YES;
				CLANG_WARN_SUSPICIOUS_MOVE = YES;
				CLANG_WARN_UNGUARDED_AVAILABILITY = YES_AGGRESSIVE;
				CLANG_WARN_UNREACHABLE_CODE = YES;
				CLANG_WARN__DUPLICATE_METHOD_MATCH = YES;
				COPY_PHASE_STRIP = NO;
				DEBUG_INFORMATION_FORMAT = dwarf;
				ENABLE_STRICT_OBJC_MSGSEND = YES;
				ENABLE_TESTABILITY = YES;
				ENABLE_USER_SCRIPT_SANDBOXING = YES;
				GCC_C_LANGUAGE_STANDARD = gnu17;
				GCC_DYNAMIC_NO_PIC = NO;
				GCC_NO_COMMON_BLOCKS = YES;
				GCC_OPTIMIZATION_LEVEL = 0;
				GCC_PREPROCESSOR_DEFINITIONS = (
					"DEBUG=1",
					"$(inherited)",
				);
				GCC_WARN_64_TO_32_BIT_CONVERSION = YES;
				GCC_WARN_ABOUT_RETURN_TYPE = YES_ERROR;
				GCC_WARN_UNDECLARED_SELECTOR = YES;
				GCC_WARN_UNINITIALIZED_AUTOS = YES_AGGRESSIVE;
				GCC_WARN_UNUSED_FUNCTION = YES;
				GCC_WARN_UNUSED_VARIABLE = YES;
				LOCALIZATION_PREFERS_STRING_CATALOGS = YES;
				MACOSX_DEPLOYMENT_TARGET = 14.6;
				MTL_ENABLE_DEBUG_INFO = INCLUDE_SOURCE;
				MTL_FAST_MATH = YES;
				ONLY_ACTIVE_ARCH = YES;
				SDKROOT = macosx;
				SWIFT_ACTIVE_COMPILATION_CONDITIONS = "DEBUG $(inherited)";
				SWIFT_OPTIMIZATION_LEVEL = "-Onone";
			};
			name = Debug;
		};
		957D1DC82CB466DE00395276 /* Release */ = {
			isa = XCBuildConfiguration;
			buildSettings = {
				ALWAYS_SEARCH_USER_PATHS = NO;
				ARCHS = arm64;
				ASSETCATALOG_COMPILER_GENERATE_SWIFT_ASSET_SYMBOL_EXTENSIONS = YES;
				CLANG_ANALYZER_NONNULL = YES;
				CLANG_ANALYZER_NUMBER_OBJECT_CONVERSION = YES_AGGRESSIVE;
				CLANG_CXX_LANGUAGE_STANDARD = "gnu++20";
				CLANG_ENABLE_MODULES = YES;
				CLANG_ENABLE_OBJC_ARC = YES;
				CLANG_ENABLE_OBJC_WEAK = YES;
				CLANG_WARN_BLOCK_CAPTURE_AUTORELEASING = YES;
				CLANG_WARN_BOOL_CONVERSION = YES;
				CLANG_WARN_COMMA = YES;
				CLANG_WARN_CONSTANT_CONVERSION = YES;
				CLANG_WARN_DEPRECATED_OBJC_IMPLEMENTATIONS = YES;
				CLANG_WARN_DIRECT_OBJC_ISA_USAGE = YES_ERROR;
				CLANG_WARN_DOCUMENTATION_COMMENTS = YES;
				CLANG_WARN_EMPTY_BODY = YES;
				CLANG_WARN_ENUM_CONVERSION = YES;
				CLANG_WARN_INFINITE_RECURSION = YES;
				CLANG_WARN_INT_CONVERSION = YES;
				CLANG_WARN_NON_LITERAL_NULL_CONVERSION = YES;
				CLANG_WARN_OBJC_IMPLICIT_RETAIN_SELF = YES;
				CLANG_WARN_OBJC_LITERAL_CONVERSION = YES;
				CLANG_WARN_OBJC_ROOT_CLASS = YES_ERROR;
				CLANG_WARN_QUOTED_INCLUDE_IN_FRAMEWORK_HEADER = YES;
				CLANG_WARN_RANGE_LOOP_ANALYSIS = YES;
				CLANG_WARN_STRICT_PROTOTYPES = YES;
				CLANG_WARN_SUSPICIOUS_MOVE = YES;
				CLANG_WARN_UNGUARDED_AVAILABILITY = YES_AGGRESSIVE;
				CLANG_WARN_UNREACHABLE_CODE = YES;
				CLANG_WARN__DUPLICATE_METHOD_MATCH = YES;
				COPY_PHASE_STRIP = NO;
				DEBUG_INFORMATION_FORMAT = "dwarf-with-dsym";
				ENABLE_NS_ASSERTIONS = NO;
				ENABLE_STRICT_OBJC_MSGSEND = YES;
				ENABLE_USER_SCRIPT_SANDBOXING = YES;
				GCC_C_LANGUAGE_STANDARD = gnu17;
				GCC_NO_COMMON_BLOCKS = YES;
				GCC_WARN_64_TO_32_BIT_CONVERSION = YES;
				GCC_WARN_ABOUT_RETURN_TYPE = YES_ERROR;
				GCC_WARN_UNDECLARED_SELECTOR = YES;
				GCC_WARN_UNINITIALIZED_AUTOS = YES_AGGRESSIVE;
				GCC_WARN_UNUSED_FUNCTION = YES;
				GCC_WARN_UNUSED_VARIABLE = YES;
				LOCALIZATION_PREFERS_STRING_CATALOGS = YES;
				MACOSX_DEPLOYMENT_TARGET = 14.6;
				MTL_ENABLE_DEBUG_INFO = NO;
				MTL_FAST_MATH = YES;
				SDKROOT = macosx;
				SWIFT_COMPILATION_MODE = wholemodule;
			};
			name = Release;
		};
		957D1DCA2CB466DE00395276 /* Debug */ = {
			isa = XCBuildConfiguration;
			buildSettings = {
				ARCHS = "$(ARCHS_STANDARD)";
				ASSETCATALOG_COMPILER_APPICON_NAME = AppIcon;
				ASSETCATALOG_COMPILER_GLOBAL_ACCENT_COLOR_NAME = AccentColor;
				CLANG_ENABLE_MODULES = YES;
				CODE_SIGN_ENTITLEMENTS = DelanCamUtil/DelanCamUtil.entitlements;
				CODE_SIGN_STYLE = Automatic;
				COMBINE_HIDPI_IMAGES = YES;
				CURRENT_PROJECT_VERSION = 1;
				GENERATE_INFOPLIST_FILE = YES;
				INFOPLIST_KEY_LSUIElement = YES;
				INFOPLIST_KEY_NSHumanReadableCopyright = "";
				INFOPLIST_KEY_NSMainNibFile = MainMenu;
				INFOPLIST_KEY_NSPrincipalClass = NSApplication;
				LD_RUNPATH_SEARCH_PATHS = (
					"$(inherited)",
					"@executable_path/../Frameworks",
				);
				LIBRARY_SEARCH_PATHS = (
					"$(inherited)",
					"$(PROJECT_DIR)/DelanCamUtil",
				);
				MARKETING_VERSION = 1.0;
				PRODUCT_BUNDLE_IDENTIFIER = org.github.matatata.DelanCamUtil;
				PRODUCT_NAME = "$(TARGET_NAME)";
				SWIFT_EMIT_LOC_STRINGS = YES;
				SWIFT_OBJC_BRIDGING_HEADER = "DelanCamUtil-Bridging-Header.h";
				SWIFT_OPTIMIZATION_LEVEL = "-Onone";
				SWIFT_VERSION = 5.0;
			};
			name = Debug;
		};
		957D1DCB2CB466DE00395276 /* Release */ = {
			isa = XCBuildConfiguration;
			buildSettings = {
				ARCHS = "$(ARCHS_STANDARD)";
				ASSETCATALOG_COMPILER_APPICON_NAME = AppIcon;
				ASSETCATALOG_COMPILER_GLOBAL_ACCENT_COLOR_NAME = AccentColor;
				CLANG_ENABLE_MODULES = YES;
				CODE_SIGN_ENTITLEMENTS = DelanCamUtil/DelanCamUtil.entitlements;
				CODE_SIGN_STYLE = Automatic;
				COMBINE_HIDPI_IMAGES = YES;
				CURRENT_PROJECT_VERSION = 1;
				GENERATE_INFOPLIST_FILE = YES;
				INFOPLIST_KEY_LSUIElement = YES;
				INFOPLIST_KEY_NSHumanReadableCopyright = "";
				INFOPLIST_KEY_NSMainNibFile = MainMenu;
				INFOPLIST_KEY_NSPrincipalClass = NSApplication;
				LD_RUNPATH_SEARCH_PATHS = (
					"$(inherited)",
					"@executable_path/../Frameworks",
				);
				LIBRARY_SEARCH_PATHS = (
					"$(inherited)",
					"$(PROJECT_DIR)/DelanCamUtil",
				);
				MARKETING_VERSION = 1.0;
				PRODUCT_BUNDLE_IDENTIFIER = org.github.matatata.DelanCamUtil;
				PRODUCT_NAME = "$(TARGET_NAME)";
				SWIFT_EMIT_LOC_STRINGS = YES;
				SWIFT_OBJC_BRIDGING_HEADER = "DelanCamUtil-Bridging-Header.h";
				SWIFT_VERSION = 5.0;
			};
			name = Release;
		};
		957D1DF62CB474F300395276 /* Debug */ = {
			isa = XCBuildConfiguration;
			buildSettings = {
				ARCHS = "$(ARCHS_STANDARD)";
				CLANG_ENABLE_OBJC_ARC = NO;
				CODE_SIGN_STYLE = Automatic;
				DYLIB_COMPATIBILITY_VERSION = 1;
				DYLIB_CURRENT_VERSION = 1;
				ENABLE_USER_SCRIPT_SANDBOXING = YES;
				EXECUTABLE_PREFIX = lib;
				INSTALL_PATH = "@executable_path/../Frameworks";
				PRODUCT_NAME = "$(TARGET_NAME)";
				SKIP_INSTALL = YES;
			};
			name = Debug;
		};
		957D1DF72CB474F300395276 /* Release */ = {
			isa = XCBuildConfiguration;
			buildSettings = {
				ARCHS = "$(ARCHS_STANDARD)";
				CLANG_ENABLE_OBJC_ARC = NO;
				CODE_SIGN_STYLE = Automatic;
				DYLIB_COMPATIBILITY_VERSION = 1;
				DYLIB_CURRENT_VERSION = 1;
				ENABLE_USER_SCRIPT_SANDBOXING = YES;
				EXECUTABLE_PREFIX = lib;
				INSTALL_PATH = "@executable_path/../Frameworks";
				PRODUCT_NAME = "$(TARGET_NAME)";
				SKIP_INSTALL = YES;
			};
			name = Release;
		};
/* End XCBuildConfiguration section */

/* Begin XCConfigurationList section */
		957D1DB72CB466DD00395276 /* Build configuration list for PBXProject "DelanCamUtil" */ = {
			isa = XCConfigurationList;
			buildConfigurations = (
				957D1DC72CB466DE00395276 /* Debug */,
				957D1DC82CB466DE00395276 /* Release */,
			);
			defaultConfigurationIsVisible = 0;
			defaultConfigurationName = Release;
		};
		957D1DC92CB466DE00395276 /* Build configuration list for PBXNativeTarget "DelanCamUtil" */ = {
			isa = XCConfigurationList;
			buildConfigurations = (
				957D1DCA2CB466DE00395276 /* Debug */,
				957D1DCB2CB466DE00395276 /* Release */,
			);
			defaultConfigurationIsVisible = 0;
			defaultConfigurationName = Release;
		};
		957D1DF52CB474F300395276 /* Build configuration list for PBXNativeTarget "uvclib" */ = {
			isa = XCConfigurationList;
			buildConfigurations = (
				957D1DF62CB474F300395276 /* Debug */,
				957D1DF72CB474F300395276 /* Release */,
			);
			defaultConfigurationIsVisible = 0;
			defaultConfigurationName = Release;
		};
/* End XCConfigurationList section */

/* Begin XCRemoteSwiftPackageReference section */
		950F3A462CB48E4C003CB79E /* XCRemoteSwiftPackageReference "USBDeviceSwift" */ = {
			isa = XCRemoteSwiftPackageReference;
			repositoryURL = "https://github.com/Arti3DPlayer/USBDeviceSwift.git";
			requirement = {
				branch = master;
				kind = branch;
			};
		};
/* End XCRemoteSwiftPackageReference section */

/* Begin XCSwiftPackageProductDependency section */
		950F3A472CB48E4C003CB79E /* USBDeviceSwift */ = {
			isa = XCSwiftPackageProductDependency;
			package = 950F3A462CB48E4C003CB79E /* XCRemoteSwiftPackageReference "USBDeviceSwift" */;
			productName = USBDeviceSwift;
		};
/* End XCSwiftPackageProductDependency section */
	};
	rootObject = 957D1DB42CB466DD00395276 /* Project object */;
}
